
Microsoft Visual Studio Solution File, Format Version 12.00
# Visual Studio Version 16
VisualStudioVersion = 16.0.30907.101
MinimumVisualStudioVersion = 10.0.40219.1
Project("{FAE04EC0-301F-11D3-BF4B-00C04F79EFBC}") = "WpfApp1", "WpfApp1\WpfApp1.csproj", "{06DCA17F-9B90-4127-8FD2-DD01C5B068C2}"
EndProject
Global
	GlobalSection(SolutionConfigurationPlatforms) = preSolution
		Debug|Any CPU = Debug|Any CPU
		Release|Any CPU = Release|Any CPU
	EndGlobalSection
	GlobalSection(ProjectConfigurationPlatforms) = postSolution
		{06DCA17F-9B90-4127-8FD2-DD01C5B068C2}.Debug|Any CPU.ActiveCfg = Debug|Any CPU
		{06DCA17F-9B90-4127-8FD2-DD01C5B068C2}.Debug|Any CPU.Build.0 = Debug|Any CPU
		{06DCA17F-9B90-4127-8FD2-DD01C5B068C2}.Release|Any CPU.ActiveCfg = Release|Any CPU
		{06DCA17F-9B90-4127-8FD2-DD01C5B068C2}.Release|Any CPU.Build.0 = Release|Any CPU
	EndGlobalSection
	GlobalSection(SolutionProperties) = preSolution
		HideSolutionNode = FALSE
	EndGlobalSection
	GlobalSection(ExtensibilityGlobals) = postSolution
		SolutionGuid = {D4949D7E-474E-4F4C-89F4-92C2465E4CD7}
	EndGlobalSection
EndGlobal
